{
  "name": "@stride/wechat-miniprogram",
  "version": "0.1.0",
  "lockfileVersion": 3,
  "requires": true,
  "packages": {
    "": {
      "name": "@stride/wechat-miniprogram",
      "version": "0.1.0",
      "license": "ISC",
      "devDependencies": {
        "miniprogram-api-typings": "^5.2.3"
      }
    },
    "node_modules/miniprogram-api-typings": {
      "version": "5.2.3",
      "resolved": "https://registry.npmjs.org/miniprogram-api-typings/-/miniprogram-api-typings-5.2.3.tgz",
      "integrity": "sha512-KVcNSfR2VmRtz35rxkjLxE92HlsBnbT6NsKyTcDX3ebbTKAsAiTOFO1mRM82Xbe848dnEYqNGzaD48LMEvGytw==",
      "dev": true,
      "license": "MIT"
    }
  }
}
